{
  "name": "audio-trimmer",
  "version": "1.0.0",
  "lockfileVersion": 1,
  "requires": true,
  "dependencies": {
    "sox-audio": {
      "version": "0.3.0",
      "resolved": "https://registry.npmjs.org/sox-audio/-/sox-audio-0.3.0.tgz",
      "integrity": "sha1-3UOk3X+pf/QGY5DDmQOuSrGYrsU=",
      "requires": {
        "through": "2.3.8"
      }
    },
    "subtitle": {
      "version": "2.0.1",
      "resolved": "https://registry.npmjs.org/subtitle/-/subtitle-2.0.1.tgz",
      "integrity": "sha512-UF7mWIAymei+zb9N5oNsLXmYR3nB4sWgG6rACYpIWZd7Cv7rRZZkjrz7qfpCUvjoQ10Za8uljG6AKRIWoMC52Q==",
      "requires": {
        "zero-fill": "2.2.3"
      }
    },
    "through": {
      "version": "2.3.8",
      "resolved": "http://registry.npmjs.org/through/-/through-2.3.8.tgz",
      "integrity": "sha1-DdTJ/6q8NXlgsbckEV1+Doai4fU="
    },
    "zero-fill": {
      "version": "2.2.3",
      "resolved": "https://registry.npmjs.org/zero-fill/-/zero-fill-2.2.3.tgz",
      "integrity": "sha1-o97wa6XjmuZEhQu0yirUEStIVek="
    }
  }
}
